
Microsoft Visual Studio Solution File, Format Version 12.00
# Visual Studio Version 17
VisualStudioVersion = 17.13.35825.156 d17.13
MinimumVisualStudioVersion = 10.0.40219.1
Project("{FAE04EC0-301F-11D3-BF4B-00C04F79EFBC}") = "TP5", "TP5\TP5.csproj", "{653CB3DD-523A-48AA-B99B-1A4B43C25ACC}"
EndProject
Global
	GlobalSection(SolutionConfigurationPlatforms) = preSolution
		Debug|Any CPU = Debug|Any CPU
		Release|Any CPU = Release|Any CPU
	EndGlobalSection
	GlobalSection(ProjectConfigurationPlatforms) = postSolution
		{653CB3DD-523A-48AA-B99B-1A4B43C25ACC}.Debug|Any CPU.ActiveCfg = Debug|Any CPU
		{653CB3DD-523A-48AA-B99B-1A4B43C25ACC}.Debug|Any CPU.Build.0 = Debug|Any CPU
		{653CB3DD-523A-48AA-B99B-1A4B43C25ACC}.Release|Any CPU.ActiveCfg = Release|Any CPU
		{653CB3DD-523A-48AA-B99B-1A4B43C25ACC}.Release|Any CPU.Build.0 = Release|Any CPU
	EndGlobalSection
	GlobalSection(SolutionProperties) = preSolution
		HideSolutionNode = FALSE
	EndGlobalSection
	GlobalSection(ExtensibilityGlobals) = postSolution
		SolutionGuid = {1CE5854A-D0DD-4530-BA0A-D29A0C03DC2A}
	EndGlobalSection
EndGlobal
